{
  "name": "devmetrics",
  "lockfileVersion": 3,
  "requires": true,
  "packages": {
    "": {
      "dependencies": {
        "devmetrics-sdk": "^1.0.0"
      }
    },
    "node_modules/devmetrics-sdk": {
      "version": "1.0.0",
      "resolved": "https://registry.npmjs.org/devmetrics-sdk/-/devmetrics-sdk-1.0.0.tgz",
      "integrity": "sha512-T+uUqetNH56SI6B1eMs5OOdANJKJTDPAuUzBkp42wcT+BC73Rn92ZzBQtnRBBiutdYIroFgUqm08rL1IS/cqYQ==",
      "engines": {
        "node": ">=14.0.0"
      },
      "peerDependencies": {
        "axios": ">=0.21.0"
      },
      "peerDependenciesMeta": {
        "axios": {
          "optional": true
        }
      }
    }
  }
}
